# This file is automatically @generated by Cargo.
# It is not intended for manual editing.
version = 3

[[package]]
name = "sec11"
version = "0.1.0"

[[package]]
name = "sec231"
version = "0.1.0"

[[package]]
name = "sec232"
version = "0.1.0"

[[package]]
name = "sec233"
version = "0.1.0"

[[package]]
name = "sec234"
version = "0.1.0"

[[package]]
name = "sec235"
version = "0.1.0"

[[package]]
name = "sec236"
version = "0.1.0"

[[package]]
name = "sec237"
version = "0.1.0"

[[package]]
name = "sec239"
version = "0.1.0"

[[package]]
name = "sec38"
version = "0.1.0"

[[package]]
name = "sec70"
version = "0.1.0"

[[package]]
name = "sec81"
version = "0.1.0"
